
Microsoft Visual Studio Solution File, Format Version 12.00
# Visual Studio Version 17
VisualStudioVersion = 17.1.32328.378
MinimumVisualStudioVersion = 10.0.40219.1
Project("{FAE04EC0-301F-11D3-BF4B-00C04F79EFBC}") = "UmbracoMongoDbClient", "UmbracoMongoDbClient.csproj", "{B06DC36E-C14E-4F32-97A2-7EB14F4A338C}"
EndProject
Global
	GlobalSection(SolutionConfigurationPlatforms) = preSolution
		Debug|Any CPU = Debug|Any CPU
		Release|Any CPU = Release|Any CPU
	EndGlobalSection
	GlobalSection(ProjectConfigurationPlatforms) = postSolution
		{B06DC36E-C14E-4F32-97A2-7EB14F4A338C}.Debug|Any CPU.ActiveCfg = Debug|Any CPU
		{B06DC36E-C14E-4F32-97A2-7EB14F4A338C}.Debug|Any CPU.Build.0 = Debug|Any CPU
		{B06DC36E-C14E-4F32-97A2-7EB14F4A338C}.Release|Any CPU.ActiveCfg = Release|Any CPU
		{B06DC36E-C14E-4F32-97A2-7EB14F4A338C}.Release|Any CPU.Build.0 = Release|Any CPU
	EndGlobalSection
	GlobalSection(SolutionProperties) = preSolution
		HideSolutionNode = FALSE
	EndGlobalSection
	GlobalSection(ExtensibilityGlobals) = postSolution
		SolutionGuid = {D2FC4928-BFC9-46ED-A27A-0DE6DEEABBAE}
	EndGlobalSection
EndGlobal
